
Microsoft Visual Studio Solution File, Format Version 12.00
# Visual Studio Version 17
VisualStudioVersion = 17.5.33516.290
MinimumVisualStudioVersion = 10.0.40219.1
Project("{FAE04EC0-301F-11D3-BF4B-00C04F79EFBC}") = "bubble sort", "bubble sort\bubble sort.csproj", "{0243FD73-7403-4213-8BDF-CECDCC17AB76}"
EndProject
Global
	GlobalSection(SolutionConfigurationPlatforms) = preSolution
		Debug|Any CPU = Debug|Any CPU
		Release|Any CPU = Release|Any CPU
	EndGlobalSection
	GlobalSection(ProjectConfigurationPlatforms) = postSolution
		{0243FD73-7403-4213-8BDF-CECDCC17AB76}.Debug|Any CPU.ActiveCfg = Debug|Any CPU
		{0243FD73-7403-4213-8BDF-CECDCC17AB76}.Debug|Any CPU.Build.0 = Debug|Any CPU
		{0243FD73-7403-4213-8BDF-CECDCC17AB76}.Release|Any CPU.ActiveCfg = Release|Any CPU
		{0243FD73-7403-4213-8BDF-CECDCC17AB76}.Release|Any CPU.Build.0 = Release|Any CPU
	EndGlobalSection
	GlobalSection(SolutionProperties) = preSolution
		HideSolutionNode = FALSE
	EndGlobalSection
	GlobalSection(ExtensibilityGlobals) = postSolution
		SolutionGuid = {4EBCC424-59A9-4E9B-9DAC-4E6E3E902931}
	EndGlobalSection
EndGlobal
